
Microsoft Visual Studio Solution File, Format Version 12.00
# Visual Studio 15
VisualStudioVersion = 15.0.27703.2035
MinimumVisualStudioVersion = 10.0.40219.1
Project("{FAE04EC0-301F-11D3-BF4B-00C04F79EFBC}") = "TestApplication", "TestApplication\TestApplication.csproj", "{C17773EF-C1C3-431B-BEF6-41EEC1A45985}"
	ProjectSection(ProjectDependencies) = postProject
		{874688EE-0B59-4CBE-933B-CAFDC5DB085A} = {874688EE-0B59-4CBE-933B-CAFDC5DB085A}
	EndProjectSection
EndProject
Project("{FAE04EC0-301F-11D3-BF4B-00C04F79EFBC}") = "Domain", "Domain\Domain.csproj", "{874688EE-0B59-4CBE-933B-CAFDC5DB085A}"
EndProject
Global
	GlobalSection(SolutionConfigurationPlatforms) = preSolution
		Debug|Any CPU = Debug|Any CPU
		Release|Any CPU = Release|Any CPU
	EndGlobalSection
	GlobalSection(ProjectConfigurationPlatforms) = postSolution
		{C17773EF-C1C3-431B-BEF6-41EEC1A45985}.Debug|Any CPU.ActiveCfg = Debug|Any CPU
		{C17773EF-C1C3-431B-BEF6-41EEC1A45985}.Debug|Any CPU.Build.0 = Debug|Any CPU
		{C17773EF-C1C3-431B-BEF6-41EEC1A45985}.Release|Any CPU.ActiveCfg = Release|Any CPU
		{C17773EF-C1C3-431B-BEF6-41EEC1A45985}.Release|Any CPU.Build.0 = Release|Any CPU
		{874688EE-0B59-4CBE-933B-CAFDC5DB085A}.Debug|Any CPU.ActiveCfg = Debug|Any CPU
		{874688EE-0B59-4CBE-933B-CAFDC5DB085A}.Debug|Any CPU.Build.0 = Debug|Any CPU
		{874688EE-0B59-4CBE-933B-CAFDC5DB085A}.Release|Any CPU.ActiveCfg = Release|Any CPU
		{874688EE-0B59-4CBE-933B-CAFDC5DB085A}.Release|Any CPU.Build.0 = Release|Any CPU
	EndGlobalSection
	GlobalSection(SolutionProperties) = preSolution
		HideSolutionNode = FALSE
	EndGlobalSection
	GlobalSection(ExtensibilityGlobals) = postSolution
		SolutionGuid = {1BE40E97-D5AD-4890-B8B1-E91A357F2ACE}
	EndGlobalSection
EndGlobal
